// !$*UTF8*$!
{
	archiveVersion = 1;
	classes = {
	};
	objectVersion = 48;
	objects = {

/* Begin PBXBuildFile section */
		16EF2E5A2033DD16003AFD26 /* AppDelegate.swift in Sources */ = {isa = PBXBuildFile; fileRef = 16EF2E592033DD16003AFD26 /* AppDelegate.swift */; };
		16EF2E5C2033DD17003AFD26 /* ViewController.swift in Sources */ = {isa = PBXBuildFile; fileRef = 16EF2E5B2033DD17003AFD26 /* ViewController.swift */; };
		16EF2E5F2033DD17003AFD26 /* Main.storyboard in Resources */ = {isa = PBXBuildFile; fileRef = 16EF2E5D2033DD17003AFD26 /* Main.storyboard */; };
		16EF2E612033DD17003AFD26 /* Assets.xcassets in Resources */ = {isa = PBXBuildFile; fileRef = 16EF2E602033DD17003AFD26 /* Assets.xcassets */; };
		16EF2E642033DD17003AFD26 /* LaunchScreen.storyboard in Resources */ = {isa = PBXBuildFile; fileRef = 16EF2E622033DD17003AFD26 /* LaunchScreen.storyboard */; };
/* End PBXBuildFile section */

/* Begin PBXFileReference section */
		16EF2E562033DD16003AFD26 /* ThreeTextFields.app */ = {isa = PBXFileReference; explicitFileType = wrapper.application; includeInIndex = 0; path = ThreeTextFields.app; sourceTree = BUILT_PRODUCTS_DIR; };
		16EF2E592033DD16003AFD26 /* AppDelegate.swift */ = {isa = PBXFileReference; lastKnownFileType = sourcecode.swift; path = AppDelegate.swift; sourceTree = "<group>"; };
		16EF2E5B2033DD17003AFD26 /* ViewController.swift */ = {isa = PBXFileReference; lastKnownFileType = sourcecode.swift; path = ViewController.swift; sourceTree = "<group>"; };
		16EF2E5E2033DD17003AFD26 /* Base */ = {isa = PBXFileReference; lastKnownFileType = file.storyboard; name = Base; path = Base.lproj/Main.storyboard; sourceTree = "<group>"; };
		16EF2E602033DD17003AFD26 /* Assets.xcassets */ = {isa = PBXFileReference; lastKnownFileType = folder.assetcatalog; path = Assets.xcassets; sourceTree = "<group>"; };
		16EF2E632033DD17003AFD26 /* Base */ = {isa = PBXFileReference; lastKnownFileType = file.storyboard; name = Base; path = Base.lproj/LaunchScreen.storyboard; sourceTree = "<group>"; };
		16EF2E652033DD17003AFD26 /* Info.plist */ = {isa = PBXFileReference; lastKnownFileType = text.plist.xml; path = Info.plist; sourceTree = "<group>"; };
/* End PBXFileReference section */

/* Begin PBXFrameworksBuildPhase section */
		16EF2E532033DD16003AFD26 /* Frameworks */ = {
			isa = PBXFrameworksBuildPhase;
			buildActionMask = 2147483647;
			files = (
			);
			runOnlyForDeploymentPostprocessing = 0;
		};
/* End PBXFrameworksBuildPhase section */

/* Begin PBXGroup section */
		16EF2E4D2033DD16003AFD26 = {
			isa = PBXGroup;
			children = (
				16EF2E582033DD16003AFD26 /* ThreeTextFields */,
				16EF2E572033DD16003AFD26 /* Products */,
			);
			sourceTree = "<group>";
		};
		16EF2E572033DD16003AFD26 /* Products */ = {
			isa = PBXGroup;
			children = (
				16EF2E562033DD16003AFD26 /* ThreeTextFields.app */,
			);
			name = Products;
			sourceTree = "<group>";
		};
		16EF2E582033DD16003AFD26 /* ThreeTextFields */ = {
			isa = PBXGroup;
			children = (
				16EF2E592033DD16003AFD26 /* AppDelegate.swift */,
				16EF2E5B2033DD17003AFD26 /* ViewController.swift */,
				16EF2E5D2033DD17003AFD26 /* Main.storyboard */,
				16EF2E602033DD17003AFD26 /* Assets.xcassets */,
				16EF2E622033DD17003AFD26 /* LaunchScreen.storyboard */,
				16EF2E652033DD17003AFD26 /* Info.plist */,
			);
			path = ThreeTextFields;
			sourceTree = "<group>";
		};
/* End PBXGroup section */

/* Begin PBXNativeTarget section */
		16EF2E552033DD16003AFD26 /* ThreeTextFields */ = {
			isa = PBXNativeTarget;
			buildConfigurationList = 16EF2E682033DD17003AFD26 /* Build configuration list for PBXNativeTarget "ThreeTextFields" */;
			buildPhases = (
				16EF2E522033DD16003AFD26 /* Sources */,
				16EF2E532033DD16003AFD26 /* Frameworks */,
				16EF2E542033DD16003AFD26 /* Resources */,
			);
			buildRules = (
			);
			dependencies = (
			);
			name = ThreeTextFields;
			productName = ThreeTextFields;
			productReference = 16EF2E562033DD16003AFD26 /* ThreeTextFields.app */;
			productType = "com.apple.product-type.application";
		};
/* End PBXNativeTarget section */

/* Begin PBXProject section */
		16EF2E4E2033DD16003AFD26 /* Project object */ = {
			isa = PBXProject;
			attributes = {
				LastSwiftUpdateCheck = 0920;
				LastUpgradeCheck = 0920;
				ORGANIZATIONNAME = "Maribel Montejano";
				TargetAttributes = {
					16EF2E552033DD16003AFD26 = {
						CreatedOnToolsVersion = 9.2;
						ProvisioningStyle = Automatic;
					};
				};
			};
			buildConfigurationList = 16EF2E512033DD16003AFD26 /* Build configuration list for PBXProject "ThreeTextFields" */;
			compatibilityVersion = "Xcode 8.0";
			developmentRegion = en;
			hasScannedForEncodings = 0;
			knownRegions = (
				en,
				Base,
			);
			mainGroup = 16EF2E4D2033DD16003AFD26;
			productRefGroup = 16EF2E572033DD16003AFD26 /* Products */;
			projectDirPath = "";
			projectRoot = "";
			targets = (
				16EF2E552033DD16003AFD26 /* ThreeTextFields */,
			);
		};
/* End PBXProject section */

/* Begin PBXResourcesBuildPhase section */
		16EF2E542033DD16003AFD26 /* Resources */ = {
			isa = PBXResourcesBuildPhase;
			buildActionMask = 2147483647;
			files = (
				16EF2E642033DD17003AFD26 /* LaunchScreen.storyboard in Resources */,
				16EF2E612033DD17003AFD26 /* Assets.xcassets in Resources */,
				16EF2E5F2033DD17003AFD26 /* Main.storyboard in Resources */,
			);
			runOnlyForDeploymentPostprocessing = 0;
		};
/* End PBXResourcesBuildPhase section */

/* Begin PBXSourcesBuildPhase section */
		16EF2E522033DD16003AFD26 /* Sources */ = {
			isa = PBXSourcesBuildPhase;
			buildActionMask = 2147483647;
			files = (
				16EF2E5C2033DD17003AFD26 /* ViewController.swift in Sources */,
				16EF2E5A2033DD16003AFD26 /* AppDelegate.swift in Sources */,
			);
			runOnlyForDeploymentPostprocessing = 0;
		};
/* End PBXSourcesBuildPhase section */

/* Begin PBXVariantGroup section */
		16EF2E5D2033DD17003AFD26 /* Main.storyboard */ = {
			isa = PBXVariantGroup;
			children = (
				16EF2E5E2033DD17003AFD26 /* Base */,
			);
			name = Main.storyboard;
			sourceTree = "<group>";
		};
		16EF2E622033DD17003AFD26 /* LaunchScreen.storyboard */ = {
			isa = PBXVariantGroup;
			children = (
				16EF2E632033DD17003AFD26 /* Base */,
			);
			name = LaunchScreen.storyboard;
			sourceTree = "<group>";
		};
/* End PBXVariantGroup section */

/* Begin XCBuildConfiguration section */
		16EF2E662033DD17003AFD26 /* Debug */ = {
			isa = XCBuildConfiguration;
			buildSettings = {
				ALWAYS_SEARCH_USER_PATHS = NO;
				CLANG_ANALYZER_NONNULL = YES;
				CLANG_ANALYZER_NUMBER_OBJECT_CONVERSION = YES_AGGRESSIVE;
				CLANG_CXX_LANGUAGE_STANDARD = "gnu++14";
				CLANG_CXX_LIBRARY = "libc++";
				CLANG_ENABLE_MODULES = YES;
				CLANG_ENABLE_OBJC_ARC = YES;
				CLANG_WARN_BLOCK_CAPTURE_AUTORELEASING = YES;
				CLANG_WARN_BOOL_CONVERSION = YES;
				CLANG_WARN_COMMA = YES;
				CLANG_WARN_CONSTANT_CONVERSION = YES;
				CLANG_WARN_DIRECT_OBJC_ISA_USAGE = YES_ERROR;
				CLANG_WARN_DOCUMENTATION_COMMENTS = YES;
				CLANG_WARN_EMPTY_BODY = YES;
				CLANG_WARN_ENUM_CONVERSION = YES;
				CLANG_WARN_INFINITE_RECURSION = YES;
				CLANG_WARN_INT_CONVERSION = YES;
				CLANG_WARN_NON_LITERAL_NULL_CONVERSION = YES;
				CLANG_WARN_OBJC_LITERAL_CONVERSION = YES;
				CLANG_WARN_OBJC_ROOT_CLASS = YES_ERROR;
				CLANG_WARN_RANGE_LOOP_ANALYSIS = YES;
				CLANG_WARN_STRICT_PROTOTYPES = YES;
				CLANG_WARN_SUSPICIOUS_MOVE = YES;
				CLANG_WARN_UNGUARDED_AVAILABILITY = YES_AGGRESSIVE;
				CLANG_WARN_UNREACHABLE_CODE = YES;
				CLANG_WARN__DUPLICATE_METHOD_MATCH = YES;
				CODE_SIGN_IDENTITY = "iPhone Developer";
				COPY_PHASE_STRIP = NO;
				DEBUG_INFORMATION_FORMAT = dwarf;
				ENABLE_STRICT_OBJC_MSGSEND = YES;
				ENABLE_TESTABILITY = YES;
				GCC_C_LANGUAGE_STANDARD = gnu11;
				GCC_DYNAMIC_NO_PIC = NO;
				GCC_NO_COMMON_BLOCKS = YES;
				GCC_OPTIMIZATION_LEVEL = 0;
				GCC_PREPROCESSOR_DEFINITIONS = (
					"DEBUG=1",
					"$(inherited)",
				);
				GCC_WARN_64_TO_32_BIT_CONVERSION = YES;
				GCC_WARN_ABOUT_RETURN_TYPE = YES_ERROR;
				GCC_WARN_UNDECLARED_SELECTOR = YES;
				GCC_WARN_UNINITIALIZED_AUTOS = YES_AGGRESSIVE;
				GCC_WARN_UNUSED_FUNCTION = YES;
				GCC_WARN_UNUSED_VARIABLE = YES;
				IPHONEOS_DEPLOYMENT_TARGET = 11.2;
				MTL_ENABLE_DEBUG_INFO = YES;
				ONLY_ACTIVE_ARCH = YES;
				SDKROOT = iphoneos;
				SWIFT_ACTIVE_COMPILATION_CONDITIONS = DEBUG;
				SWIFT_OPTIMIZATION_LEVEL = "-Onone";
			};
			name = Debug;
		};
		16EF2E672033DD17003AFD26 /* Release */ = {
			isa = XCBuildConfiguration;
			buildSettings = {
				ALWAYS_SEARCH_USER_PATHS = NO;
				CLANG_ANALYZER_NONNULL = YES;
				CLANG_ANALYZER_NUMBER_OBJECT_CONVERSION = YES_AGGRESSIVE;
				CLANG_CXX_LANGUAGE_STANDARD = "gnu++14";
				CLANG_CXX_LIBRARY = "libc++";
				CLANG_ENABLE_MODULES = YES;
				CLANG_ENABLE_OBJC_ARC = YES;
				CLANG_WARN_BLOCK_CAPTURE_AUTORELEASING = YES;
				CLANG_WARN_BOOL_CONVERSION = YES;
				CLANG_WARN_COMMA = YES;
				CLANG_WARN_CONSTANT_CONVERSION = YES;
				CLANG_WARN_DIRECT_OBJC_ISA_USAGE = YES_ERROR;
				CLANG_WARN_DOCUMENTATION_COMMENTS = YES;
				CLANG_WARN_EMPTY_BODY = YES;
				CLANG_WARN_ENUM_CONVERSION = YES;
				CLANG_WARN_INFINITE_RECURSION = YES;
				CLANG_WARN_INT_CONVERSION = YES;
				CLANG_WARN_NON_LITERAL_NULL_CONVERSION = YES;
				CLANG_WARN_OBJC_LITERAL_CONVERSION = YES;
				CLANG_WARN_OBJC_ROOT_CLASS = YES_ERROR;
				CLANG_WARN_RANGE_LOOP_ANALYSIS = YES;
				CLANG_WARN_STRICT_PROTOTYPES = YES;
				CLANG_WARN_SUSPICIOUS_MOVE = YES;
				CLANG_WARN_UNGUARDED_AVAILABILITY = YES_AGGRESSIVE;
				CLANG_WARN_UNREACHABLE_CODE = YES;
				CLANG_WARN__DUPLICATE_METHOD_MATCH = YES;
				CODE_SIGN_IDENTITY = "iPhone Developer";
				COPY_PHASE_STRIP = NO;
				DEBUG_INFORMATION_FORMAT = "dwarf-with-dsym";
				ENABLE_NS_ASSERTIONS = NO;
				ENABLE_STRICT_OBJC_MSGSEND = YES;
				GCC_C_LANGUAGE_STANDARD = gnu11;
				GCC_NO_COMMON_BLOCKS = YES;
				GCC_WARN_64_TO_32_BIT_CONVERSION = YES;
				GCC_WARN_ABOUT_RETURN_TYPE = YES_ERROR;
				GCC_WARN_UNDECLARED_SELECTOR = YES;
				GCC_WARN_UNINITIALIZED_AUTOS = YES_AGGRESSIVE;
				GCC_WARN_UNUSED_FUNCTION = YES;
				GCC_WARN_UNUSED_VARIABLE = YES;
				IPHONEOS_DEPLOYMENT_TARGET = 11.2;
				MTL_ENABLE_DEBUG_INFO = NO;
				SDKROOT = iphoneos;
				SWIFT_OPTIMIZATION_LEVEL = "-Owholemodule";
				VALIDATE_PRODUCT = YES;
			};
			name = Release;
		};
		16EF2E692033DD17003AFD26 /* Debug */ = {
			isa = XCBuildConfiguration;
			buildSettings = {
				ASSETCATALOG_COMPILER_APPICON_NAME = AppIcon;
				CODE_SIGN_STYLE = Automatic;
				INFOPLIST_FILE = ThreeTextFields/Info.plist;
				LD_RUNPATH_SEARCH_PATHS = "$(inherited) @executable_path/Frameworks";
				PRODUCT_BUNDLE_IDENTIFIER = com.maribelmontejano.ThreeTextFields;
				PRODUCT_NAME = "$(TARGET_NAME)";
				SWIFT_VERSION = 4.0;
				TARGETED_DEVICE_FAMILY = "1,2";
			};
			name = Debug;
		};
		16EF2E6A2033DD17003AFD26 /* Release */ = {
			isa = XCBuildConfiguration;
			buildSettings = {
				ASSETCATALOG_COMPILER_APPICON_NAME = AppIcon;
				CODE_SIGN_STYLE = Automatic;
				INFOPLIST_FILE = ThreeTextFields/Info.plist;
				LD_RUNPATH_SEARCH_PATHS = "$(inherited) @executable_path/Frameworks";
				PRODUCT_BUNDLE_IDENTIFIER = com.maribelmontejano.ThreeTextFields;
				PRODUCT_NAME = "$(TARGET_NAME)";
				SWIFT_VERSION = 4.0;
				TARGETED_DEVICE_FAMILY = "1,2";
			};
			name = Release;
		};
/* End XCBuildConfiguration section */

/* Begin XCConfigurationList section */
		16EF2E512033DD16003AFD26 /* Build configuration list for PBXProject "ThreeTextFields" */ = {
			isa = XCConfigurationList;
			buildConfigurations = (
				16EF2E662033DD17003AFD26 /* Debug */,
				16EF2E672033DD17003AFD26 /* Release */,
			);
			defaultConfigurationIsVisible = 0;
			defaultConfigurationName = Release;
		};
		16EF2E682033DD17003AFD26 /* Build configuration list for PBXNativeTarget "ThreeTextFields" */ = {
			isa = XCConfigurationList;
			buildConfigurations = (
				16EF2E692033DD17003AFD26 /* Debug */,
				16EF2E6A2033DD17003AFD26 /* Release */,
			);
			defaultConfigurationIsVisible = 0;
			defaultConfigurationName = Release;
		};
/* End XCConfigurationList section */
	};
	rootObject = 16EF2E4E2033DD16003AFD26 /* Project object */;
}
